
Microsoft Visual Studio Solution File, Format Version 12.00
# Visual Studio Version 17
VisualStudioVersion = 17.1.32421.90
MinimumVisualStudioVersion = 10.0.40219.1
Project("{FAE04EC0-301F-11D3-BF4B-00C04F79EFBC}") = "Product_Reveiw_System_Using_LINQ", "Product_Reveiw_System_Using_LINQ\Product_Reveiw_System_Using_LINQ.csproj", "{BA9D3139-3CE4-4400-B221-A823B5570FDF}"
EndProject
Global
	GlobalSection(SolutionConfigurationPlatforms) = preSolution
		Debug|Any CPU = Debug|Any CPU
		Release|Any CPU = Release|Any CPU
	EndGlobalSection
	GlobalSection(ProjectConfigurationPlatforms) = postSolution
		{BA9D3139-3CE4-4400-B221-A823B5570FDF}.Debug|Any CPU.ActiveCfg = Debug|Any CPU
		{BA9D3139-3CE4-4400-B221-A823B5570FDF}.Debug|Any CPU.Build.0 = Debug|Any CPU
		{BA9D3139-3CE4-4400-B221-A823B5570FDF}.Release|Any CPU.ActiveCfg = Release|Any CPU
		{BA9D3139-3CE4-4400-B221-A823B5570FDF}.Release|Any CPU.Build.0 = Release|Any CPU
	EndGlobalSection
	GlobalSection(SolutionProperties) = preSolution
		HideSolutionNode = FALSE
	EndGlobalSection
	GlobalSection(ExtensibilityGlobals) = postSolution
		SolutionGuid = {4DE867E6-7883-4212-A1A9-9ABCCA2B3319}
	EndGlobalSection
EndGlobal
